
Microsoft Visual Studio Solution File, Format Version 12.00
# Visual Studio Version 17
VisualStudioVersion = 17.7.34024.191
MinimumVisualStudioVersion = 10.0.40219.1
Project("{FAE04EC0-301F-11D3-BF4B-00C04F79EFBC}") = "examen_clave_2", "examen_clave_2.csproj", "{57C24BB4-E0D6-4B19-8C62-E736F481A8B6}"
EndProject
Global
	GlobalSection(SolutionConfigurationPlatforms) = preSolution
		Debug|Any CPU = Debug|Any CPU
		Release|Any CPU = Release|Any CPU
	EndGlobalSection
	GlobalSection(ProjectConfigurationPlatforms) = postSolution
		{57C24BB4-E0D6-4B19-8C62-E736F481A8B6}.Debug|Any CPU.ActiveCfg = Debug|Any CPU
		{57C24BB4-E0D6-4B19-8C62-E736F481A8B6}.Debug|Any CPU.Build.0 = Debug|Any CPU
		{57C24BB4-E0D6-4B19-8C62-E736F481A8B6}.Release|Any CPU.ActiveCfg = Release|Any CPU
		{57C24BB4-E0D6-4B19-8C62-E736F481A8B6}.Release|Any CPU.Build.0 = Release|Any CPU
	EndGlobalSection
	GlobalSection(SolutionProperties) = preSolution
		HideSolutionNode = FALSE
	EndGlobalSection
	GlobalSection(ExtensibilityGlobals) = postSolution
		SolutionGuid = {3614000F-559C-404A-8F6D-4A4FE65E4A4C}
	EndGlobalSection
EndGlobal
